
Microsoft Visual Studio Solution File, Format Version 12.00
# Visual Studio Version 16
VisualStudioVersion = 16.0.30320.27
MinimumVisualStudioVersion = 10.0.40219.1
Project("{FAE04EC0-301F-11D3-BF4B-00C04F79EFBC}") = "GeekBurger.Products", "GeekBurger.Products\GeekBurger.Products.csproj", "{044D956B-0070-4FF2-8034-90050D74E646}"
EndProject
Project("{FAE04EC0-301F-11D3-BF4B-00C04F79EFBC}") = "GeekBurger.Products.Contract", "GeekBurger.Products.Contract\GeekBurger.Products.Contract.csproj", "{B901C50C-8656-4198-B8ED-D2E20DBE2907}"
EndProject
Global
	GlobalSection(SolutionConfigurationPlatforms) = preSolution
		Debug|Any CPU = Debug|Any CPU
		Release|Any CPU = Release|Any CPU
	EndGlobalSection
	GlobalSection(ProjectConfigurationPlatforms) = postSolution
		{044D956B-0070-4FF2-8034-90050D74E646}.Debug|Any CPU.ActiveCfg = Debug|Any CPU
		{044D956B-0070-4FF2-8034-90050D74E646}.Debug|Any CPU.Build.0 = Debug|Any CPU
		{044D956B-0070-4FF2-8034-90050D74E646}.Release|Any CPU.ActiveCfg = Release|Any CPU
		{044D956B-0070-4FF2-8034-90050D74E646}.Release|Any CPU.Build.0 = Release|Any CPU
		{B901C50C-8656-4198-B8ED-D2E20DBE2907}.Debug|Any CPU.ActiveCfg = Debug|Any CPU
		{B901C50C-8656-4198-B8ED-D2E20DBE2907}.Debug|Any CPU.Build.0 = Debug|Any CPU
		{B901C50C-8656-4198-B8ED-D2E20DBE2907}.Release|Any CPU.ActiveCfg = Release|Any CPU
		{B901C50C-8656-4198-B8ED-D2E20DBE2907}.Release|Any CPU.Build.0 = Release|Any CPU
	EndGlobalSection
	GlobalSection(SolutionProperties) = preSolution
		HideSolutionNode = FALSE
	EndGlobalSection
	GlobalSection(ExtensibilityGlobals) = postSolution
		SolutionGuid = {C17D23AA-4458-4A77-9A03-D610920E2B7A}
	EndGlobalSection
EndGlobal
